
Microsoft Visual Studio Solution File, Format Version 12.00
# Visual Studio Version 17
VisualStudioVersion = 17.13.35828.75
MinimumVisualStudioVersion = 10.0.40219.1
Project("{8BC9CEB8-8B4A-11D0-8D11-00A0C91BC942}") = "CMRL", "Chicas Magic Rainbow Land.vcxproj", "{7168E629-CF88-4998-AF0C-6E356FA1A459}"
EndProject
Global
	GlobalSection(SolutionConfigurationPlatforms) = preSolution
		Debug|x64 = Debug|x64
		Debug|x86 = Debug|x86
		Release|x64 = Release|x64
		Release|x86 = Release|x86
	EndGlobalSection
	GlobalSection(ProjectConfigurationPlatforms) = postSolution
		{7168E629-CF88-4998-AF0C-6E356FA1A459}.Debug|x64.ActiveCfg = Debug|x64
		{7168E629-CF88-4998-AF0C-6E356FA1A459}.Debug|x64.Build.0 = Debug|x64
		{7168E629-CF88-4998-AF0C-6E356FA1A459}.Debug|x86.ActiveCfg = Debug|Win32
		{7168E629-CF88-4998-AF0C-6E356FA1A459}.Debug|x86.Build.0 = Debug|Win32
		{7168E629-CF88-4998-AF0C-6E356FA1A459}.Release|x64.ActiveCfg = Release|x64
		{7168E629-CF88-4998-AF0C-6E356FA1A459}.Release|x64.Build.0 = Release|x64
		{7168E629-CF88-4998-AF0C-6E356FA1A459}.Release|x86.ActiveCfg = Release|Win32
		{7168E629-CF88-4998-AF0C-6E356FA1A459}.Release|x86.Build.0 = Release|Win32
	EndGlobalSection
	GlobalSection(SolutionProperties) = preSolution
		HideSolutionNode = FALSE
	EndGlobalSection
	GlobalSection(ExtensibilityGlobals) = postSolution
		SolutionGuid = {92F41BC1-6F09-428E-B18F-D1CE08735629}
	EndGlobalSection
EndGlobal
